
Microsoft Visual Studio Solution File, Format Version 12.00
# Visual Studio Version 17
VisualStudioVersion = 17.0.32014.148
MinimumVisualStudioVersion = 10.0.40219.1
Project("{FAE04EC0-301F-11D3-BF4B-00C04F79EFBC}") = "API-CHAT", "API-CHAT\API-CHAT.csproj", "{519EBF9F-EF72-42D8-991E-15601D393909}"
EndProject
Project("{2150E333-8FDC-42A3-9474-1A3956D46DE8}") = "Solution Items", "Solution Items", "{DA7B7941-602B-447E-AA6F-E8FABAE6EB33}"
	ProjectSection(SolutionItems) = preProject
		.editorconfig = .editorconfig
	EndProjectSection
EndProject
Global
	GlobalSection(SolutionConfigurationPlatforms) = preSolution
		Debug|Any CPU = Debug|Any CPU
		Release|Any CPU = Release|Any CPU
	EndGlobalSection
	GlobalSection(ProjectConfigurationPlatforms) = postSolution
		{519EBF9F-EF72-42D8-991E-15601D393909}.Debug|Any CPU.ActiveCfg = Debug|Any CPU
		{519EBF9F-EF72-42D8-991E-15601D393909}.Debug|Any CPU.Build.0 = Debug|Any CPU
		{519EBF9F-EF72-42D8-991E-15601D393909}.Release|Any CPU.ActiveCfg = Release|Any CPU
		{519EBF9F-EF72-42D8-991E-15601D393909}.Release|Any CPU.Build.0 = Release|Any CPU
	EndGlobalSection
	GlobalSection(SolutionProperties) = preSolution
		HideSolutionNode = FALSE
	EndGlobalSection
	GlobalSection(ExtensibilityGlobals) = postSolution
		SolutionGuid = {4EEFE41A-2DCE-48E8-9FD1-6428A26AF711}
	EndGlobalSection
EndGlobal
